
Microsoft Visual Studio Solution File, Format Version 12.00
# Visual Studio 15
Project("{FAE04EC0-301F-11D3-BF4B-00C04F79EFBC}") = "Assembly-CSharp", "Assembly-CSharp.csproj", "{14EAC3DE-6B21-1C2C-6D38-E0FD2A3B1BC0}"
EndProject
Project("{FAE04EC0-301F-11D3-BF4B-00C04F79EFBC}") = "Assembly-CSharp-Editor", "Assembly-CSharp-Editor.csproj", "{C580FEA5-3282-3194-A7D5-AE623DE731A2}"
EndProject
Global
	GlobalSection(SolutionConfigurationPlatforms) = preSolution
		Debug|Any CPU = Debug|Any CPU
		Release|Any CPU = Release|Any CPU
	EndGlobalSection
	GlobalSection(ProjectConfigurationPlatforms) = postSolution
		{14EAC3DE-6B21-1C2C-6D38-E0FD2A3B1BC0}.Debug|Any CPU.ActiveCfg = Debug|Any CPU
		{14EAC3DE-6B21-1C2C-6D38-E0FD2A3B1BC0}.Debug|Any CPU.Build.0 = Debug|Any CPU
		{14EAC3DE-6B21-1C2C-6D38-E0FD2A3B1BC0}.Release|Any CPU.ActiveCfg = Release|Any CPU
		{14EAC3DE-6B21-1C2C-6D38-E0FD2A3B1BC0}.Release|Any CPU.Build.0 = Release|Any CPU
		{C580FEA5-3282-3194-A7D5-AE623DE731A2}.Debug|Any CPU.ActiveCfg = Debug|Any CPU
		{C580FEA5-3282-3194-A7D5-AE623DE731A2}.Debug|Any CPU.Build.0 = Debug|Any CPU
		{C580FEA5-3282-3194-A7D5-AE623DE731A2}.Release|Any CPU.ActiveCfg = Release|Any CPU
		{C580FEA5-3282-3194-A7D5-AE623DE731A2}.Release|Any CPU.Build.0 = Release|Any CPU
	EndGlobalSection
	GlobalSection(SolutionProperties) = preSolution
		HideSolutionNode = FALSE
	EndGlobalSection
EndGlobal
